
Microsoft Visual Studio Solution File, Format Version 12.00
# Visual Studio Version 17
VisualStudioVersion = 17.8.34511.84
MinimumVisualStudioVersion = 10.0.40219.1
Project("{FAE04EC0-301F-11D3-BF4B-00C04F79EFBC}") = "BGCakes", "BGCakes\BGCakes.csproj", "{19B2FC51-9B0E-4D1D-A2DA-897C902A5C57}"
EndProject
Global
	GlobalSection(SolutionConfigurationPlatforms) = preSolution
		Debug|Any CPU = Debug|Any CPU
		Release|Any CPU = Release|Any CPU
	EndGlobalSection
	GlobalSection(ProjectConfigurationPlatforms) = postSolution
		{19B2FC51-9B0E-4D1D-A2DA-897C902A5C57}.Debug|Any CPU.ActiveCfg = Debug|Any CPU
		{19B2FC51-9B0E-4D1D-A2DA-897C902A5C57}.Debug|Any CPU.Build.0 = Debug|Any CPU
		{19B2FC51-9B0E-4D1D-A2DA-897C902A5C57}.Release|Any CPU.ActiveCfg = Release|Any CPU
		{19B2FC51-9B0E-4D1D-A2DA-897C902A5C57}.Release|Any CPU.Build.0 = Release|Any CPU
	EndGlobalSection
	GlobalSection(SolutionProperties) = preSolution
		HideSolutionNode = FALSE
	EndGlobalSection
	GlobalSection(ExtensibilityGlobals) = postSolution
		SolutionGuid = {1EAC83FC-8CE8-4897-977C-8AE76D649ADE}
	EndGlobalSection
EndGlobal
